{
  "name": "custom-elements-mf",
  "version": "1.0.0",
  "lockfileVersion": 3,
  "requires": true,
  "packages": {
    "": {
      "name": "custom-elements-mf",
      "version": "1.0.0",
      "license": "ISC",
      "dependencies": {
        "web_component": "file:web_component-1.0.0.tgz"
      }
    },
    "node_modules/web_component": {
      "version": "1.0.0",
      "resolved": "file:web_component-1.0.0.tgz",
      "integrity": "sha512-q1aY2/EtnEQ3P6lO7yiTMAz1EafelARbtP6F5PD/fahqueundwaXV+13ZJAN0EjOiapBCWdyguAQTDpBOSzHUw==",
      "license": "ISC"
    }
  }
}
